// !$*UTF8*$!
{
	archiveVersion = 1;
	classes = {
	};
	objectVersion = 56;
	objects = {

/* Begin PBXBuildFile section */
		2B691F002C53FDEC00E9E584 /* CApp.swift in Sources */ = {isa = PBXBuildFile; fileRef = 2B691EFF2C53FDEC00E9E584 /* CApp.swift */; };
		2B691F022C53FDEC00E9E584 /* ContentView.swift in Sources */ = {isa = PBXBuildFile; fileRef = 2B691F012C53FDEC00E9E584 /* ContentView.swift */; };
		2B691F042C53FDF300E9E584 /* Assets.xcassets in Resources */ = {isa = PBXBuildFile; fileRef = 2B691F032C53FDF300E9E584 /* Assets.xcassets */; };
		2B691F072C53FDF300E9E584 /* Preview Assets.xcassets in Resources */ = {isa = PBXBuildFile; fileRef = 2B691F062C53FDF300E9E584 /* Preview Assets.xcassets */; };
		2B691F112C53FDF400E9E584 /* CTests.swift in Sources */ = {isa = PBXBuildFile; fileRef = 2B691F102C53FDF400E9E584 /* CTests.swift */; };
		2B691F1B2C53FDF400E9E584 /* CUITests.swift in Sources */ = {isa = PBXBuildFile; fileRef = 2B691F1A2C53FDF400E9E584 /* CUITests.swift */; };
		2B691F1D2C53FDF400E9E584 /* CUITestsLaunchTests.swift in Sources */ = {isa = PBXBuildFile; fileRef = 2B691F1C2C53FDF400E9E584 /* CUITestsLaunchTests.swift */; };
		2B691F2A2C53FE3000E9E584 /* ContactViewModel.swift in Sources */ = {isa = PBXBuildFile; fileRef = 2B691F292C53FE3000E9E584 /* ContactViewModel.swift */; };
		2BEE4CC02C54144000AF3E3C /* ContactDetailView.swift in Sources */ = {isa = PBXBuildFile; fileRef = 2BEE4CBF2C54144000AF3E3C /* ContactDetailView.swift */; };
		2BEE4CC42C541E9200AF3E3C /* ContactModel.swift in Sources */ = {isa = PBXBuildFile; fileRef = 2BEE4CC32C541E9200AF3E3C /* ContactModel.swift */; };
		2BEE4CC92C55087300AF3E3C /* ContactAddView.swift in Sources */ = {isa = PBXBuildFile; fileRef = 2BEE4CC82C55087200AF3E3C /* ContactAddView.swift */; };
		2BEE4CCD2C550B4B00AF3E3C /* TextLabels.swift in Sources */ = {isa = PBXBuildFile; fileRef = 2BEE4CCC2C550B4B00AF3E3C /* TextLabels.swift */; };
		2BEE4CCF2C550DA600AF3E3C /* ContactView.swift in Sources */ = {isa = PBXBuildFile; fileRef = 2BEE4CCE2C550DA500AF3E3C /* ContactView.swift */; };
/* End PBXBuildFile section */

/* Begin PBXContainerItemProxy section */
		2B691F0D2C53FDF400E9E584 /* PBXContainerItemProxy */ = {
			isa = PBXContainerItemProxy;
			containerPortal = 2B691EF42C53FDEC00E9E584 /* Project object */;
			proxyType = 1;
			remoteGlobalIDString = 2B691EFB2C53FDEC00E9E584;
			remoteInfo = C;
		};
		2B691F172C53FDF400E9E584 /* PBXContainerItemProxy */ = {
			isa = PBXContainerItemProxy;
			containerPortal = 2B691EF42C53FDEC00E9E584 /* Project object */;
			proxyType = 1;
			remoteGlobalIDString = 2B691EFB2C53FDEC00E9E584;
			remoteInfo = C;
		};
/* End PBXContainerItemProxy section */

/* Begin PBXFileReference section */
		2B691EFC2C53FDEC00E9E584 /* C.app */ = {isa = PBXFileReference; explicitFileType = wrapper.application; includeInIndex = 0; path = C.app; sourceTree = BUILT_PRODUCTS_DIR; };
		2B691EFF2C53FDEC00E9E584 /* CApp.swift */ = {isa = PBXFileReference; lastKnownFileType = sourcecode.swift; path = CApp.swift; sourceTree = "<group>"; };
		2B691F012C53FDEC00E9E584 /* ContentView.swift */ = {isa = PBXFileReference; lastKnownFileType = sourcecode.swift; path = ContentView.swift; sourceTree = "<group>"; };
		2B691F032C53FDF300E9E584 /* Assets.xcassets */ = {isa = PBXFileReference; lastKnownFileType = folder.assetcatalog; path = Assets.xcassets; sourceTree = "<group>"; };
		2B691F062C53FDF300E9E584 /* Preview Assets.xcassets */ = {isa = PBXFileReference; lastKnownFileType = folder.assetcatalog; path = "Preview Assets.xcassets"; sourceTree = "<group>"; };
		2B691F0C2C53FDF400E9E584 /* CTests.xctest */ = {isa = PBXFileReference; explicitFileType = wrapper.cfbundle; includeInIndex = 0; path = CTests.xctest; sourceTree = BUILT_PRODUCTS_DIR; };
		2B691F102C53FDF400E9E584 /* CTests.swift */ = {isa = PBXFileReference; lastKnownFileType = sourcecode.swift; path = CTests.swift; sourceTree = "<group>"; };
		2B691F162C53FDF400E9E584 /* CUITests.xctest */ = {isa = PBXFileReference; explicitFileType = wrapper.cfbundle; includeInIndex = 0; path = CUITests.xctest; sourceTree = BUILT_PRODUCTS_DIR; };
		2B691F1A2C53FDF400E9E584 /* CUITests.swift */ = {isa = PBXFileReference; lastKnownFileType = sourcecode.swift; path = CUITests.swift; sourceTree = "<group>"; };
		2B691F1C2C53FDF400E9E584 /* CUITestsLaunchTests.swift */ = {isa = PBXFileReference; lastKnownFileType = sourcecode.swift; path = CUITestsLaunchTests.swift; sourceTree = "<group>"; };
		2B691F292C53FE3000E9E584 /* ContactViewModel.swift */ = {isa = PBXFileReference; lastKnownFileType = sourcecode.swift; path = ContactViewModel.swift; sourceTree = "<group>"; };
		2BEE4CBF2C54144000AF3E3C /* ContactDetailView.swift */ = {isa = PBXFileReference; lastKnownFileType = sourcecode.swift; path = ContactDetailView.swift; sourceTree = "<group>"; };
		2BEE4CC32C541E9200AF3E3C /* ContactModel.swift */ = {isa = PBXFileReference; lastKnownFileType = sourcecode.swift; path = ContactModel.swift; sourceTree = "<group>"; };
		2BEE4CC82C55087200AF3E3C /* ContactAddView.swift */ = {isa = PBXFileReference; lastKnownFileType = sourcecode.swift; path = ContactAddView.swift; sourceTree = "<group>"; };
		2BEE4CCC2C550B4B00AF3E3C /* TextLabels.swift */ = {isa = PBXFileReference; lastKnownFileType = sourcecode.swift; path = TextLabels.swift; sourceTree = "<group>"; };
		2BEE4CCE2C550DA500AF3E3C /* ContactView.swift */ = {isa = PBXFileReference; lastKnownFileType = sourcecode.swift; path = ContactView.swift; sourceTree = "<group>"; };
/* End PBXFileReference section */

/* Begin PBXFrameworksBuildPhase section */
		2B691EF92C53FDEC00E9E584 /* Frameworks */ = {
			isa = PBXFrameworksBuildPhase;
			buildActionMask = 2147483647;
			files = (
			);
			runOnlyForDeploymentPostprocessing = 0;
		};
		2B691F092C53FDF400E9E584 /* Frameworks */ = {
			isa = PBXFrameworksBuildPhase;
			buildActionMask = 2147483647;
			files = (
			);
			runOnlyForDeploymentPostprocessing = 0;
		};
		2B691F132C53FDF400E9E584 /* Frameworks */ = {
			isa = PBXFrameworksBuildPhase;
			buildActionMask = 2147483647;
			files = (
			);
			runOnlyForDeploymentPostprocessing = 0;
		};
/* End PBXFrameworksBuildPhase section */

/* Begin PBXGroup section */
		2B691EF32C53FDEC00E9E584 = {
			isa = PBXGroup;
			children = (
				2B691EFE2C53FDEC00E9E584 /* C */,
				2B691F0F2C53FDF400E9E584 /* CTests */,
				2B691F192C53FDF400E9E584 /* CUITests */,
				2B691EFD2C53FDEC00E9E584 /* Products */,
			);
			sourceTree = "<group>";
		};
		2B691EFD2C53FDEC00E9E584 /* Products */ = {
			isa = PBXGroup;
			children = (
				2B691EFC2C53FDEC00E9E584 /* C.app */,
				2B691F0C2C53FDF400E9E584 /* CTests.xctest */,
				2B691F162C53FDF400E9E584 /* CUITests.xctest */,
			);
			name = Products;
			sourceTree = "<group>";
		};
		2B691EFE2C53FDEC00E9E584 /* C */ = {
			isa = PBXGroup;
			children = (
				2B691EFF2C53FDEC00E9E584 /* CApp.swift */,
				2BEE4CC72C542F3F00AF3E3C /* Model */,
				2BEE4CC62C542F3900AF3E3C /* View */,
				2BEE4CC52C542F2700AF3E3C /* ViewModel */,
				2B691F032C53FDF300E9E584 /* Assets.xcassets */,
				2B691F052C53FDF300E9E584 /* Preview Content */,
			);
			path = C;
			sourceTree = "<group>";
		};
		2B691F052C53FDF300E9E584 /* Preview Content */ = {
			isa = PBXGroup;
			children = (
				2B691F062C53FDF300E9E584 /* Preview Assets.xcassets */,
			);
			path = "Preview Content";
			sourceTree = "<group>";
		};
		2B691F0F2C53FDF400E9E584 /* CTests */ = {
			isa = PBXGroup;
			children = (
				2B691F102C53FDF400E9E584 /* CTests.swift */,
			);
			path = CTests;
			sourceTree = "<group>";
		};
		2B691F192C53FDF400E9E584 /* CUITests */ = {
			isa = PBXGroup;
			children = (
				2B691F1A2C53FDF400E9E584 /* CUITests.swift */,
				2B691F1C2C53FDF400E9E584 /* CUITestsLaunchTests.swift */,
			);
			path = CUITests;
			sourceTree = "<group>";
		};
		2BEE4CC52C542F2700AF3E3C /* ViewModel */ = {
			isa = PBXGroup;
			children = (
				2B691F292C53FE3000E9E584 /* ContactViewModel.swift */,
			);
			path = ViewModel;
			sourceTree = "<group>";
		};
		2BEE4CC62C542F3900AF3E3C /* View */ = {
			isa = PBXGroup;
			children = (
				2B691F012C53FDEC00E9E584 /* ContentView.swift */,
				2BEE4CC82C55087200AF3E3C /* ContactAddView.swift */,
				2BEE4CBF2C54144000AF3E3C /* ContactDetailView.swift */,
				2BEE4CCE2C550DA500AF3E3C /* ContactView.swift */,
				2BEE4CD02C550F8C00AF3E3C /* Labels */,
			);
			path = View;
			sourceTree = "<group>";
		};
		2BEE4CC72C542F3F00AF3E3C /* Model */ = {
			isa = PBXGroup;
			children = (
				2BEE4CC32C541E9200AF3E3C /* ContactModel.swift */,
			);
			path = Model;
			sourceTree = "<group>";
		};
		2BEE4CD02C550F8C00AF3E3C /* Labels */ = {
			isa = PBXGroup;
			children = (
				2BEE4CCC2C550B4B00AF3E3C /* TextLabels.swift */,
			);
			path = Labels;
			sourceTree = "<group>";
		};
/* End PBXGroup section */

/* Begin PBXNativeTarget section */
		2B691EFB2C53FDEC00E9E584 /* C */ = {
			isa = PBXNativeTarget;
			buildConfigurationList = 2B691F202C53FDF400E9E584 /* Build configuration list for PBXNativeTarget "C" */;
			buildPhases = (
				2B691EF82C53FDEC00E9E584 /* Sources */,
				2B691EF92C53FDEC00E9E584 /* Frameworks */,
				2B691EFA2C53FDEC00E9E584 /* Resources */,
			);
			buildRules = (
			);
			dependencies = (
			);
			name = C;
			productName = C;
			productReference = 2B691EFC2C53FDEC00E9E584 /* C.app */;
			productType = "com.apple.product-type.application";
		};
		2B691F0B2C53FDF400E9E584 /* CTests */ = {
			isa = PBXNativeTarget;
			buildConfigurationList = 2B691F232C53FDF400E9E584 /* Build configuration list for PBXNativeTarget "CTests" */;
			buildPhases = (
				2B691F082C53FDF400E9E584 /* Sources */,
				2B691F092C53FDF400E9E584 /* Frameworks */,
				2B691F0A2C53FDF400E9E584 /* Resources */,
			);
			buildRules = (
			);
			dependencies = (
				2B691F0E2C53FDF400E9E584 /* PBXTargetDependency */,
			);
			name = CTests;
			productName = CTests;
			productReference = 2B691F0C2C53FDF400E9E584 /* CTests.xctest */;
			productType = "com.apple.product-type.bundle.unit-test";
		};
		2B691F152C53FDF400E9E584 /* CUITests */ = {
			isa = PBXNativeTarget;
			buildConfigurationList = 2B691F262C53FDF400E9E584 /* Build configuration list for PBXNativeTarget "CUITests" */;
			buildPhases = (
				2B691F122C53FDF400E9E584 /* Sources */,
				2B691F132C53FDF400E9E584 /* Frameworks */,
				2B691F142C53FDF400E9E584 /* Resources */,
			);
			buildRules = (
			);
			dependencies = (
				2B691F182C53FDF400E9E584 /* PBXTargetDependency */,
			);
			name = CUITests;
			productName = CUITests;
			productReference = 2B691F162C53FDF400E9E584 /* CUITests.xctest */;
			productType = "com.apple.product-type.bundle.ui-testing";
		};
/* End PBXNativeTarget section */

/* Begin PBXProject section */
		2B691EF42C53FDEC00E9E584 /* Project object */ = {
			isa = PBXProject;
			attributes = {
				BuildIndependentTargetsInParallel = 1;
				LastSwiftUpdateCheck = 1420;
				LastUpgradeCheck = 1420;
				TargetAttributes = {
					2B691EFB2C53FDEC00E9E584 = {
						CreatedOnToolsVersion = 14.2;
					};
					2B691F0B2C53FDF400E9E584 = {
						CreatedOnToolsVersion = 14.2;
						TestTargetID = 2B691EFB2C53FDEC00E9E584;
					};
					2B691F152C53FDF400E9E584 = {
						CreatedOnToolsVersion = 14.2;
						TestTargetID = 2B691EFB2C53FDEC00E9E584;
					};
				};
			};
			buildConfigurationList = 2B691EF72C53FDEC00E9E584 /* Build configuration list for PBXProject "C" */;
			compatibilityVersion = "Xcode 14.0";
			developmentRegion = en;
			hasScannedForEncodings = 0;
			knownRegions = (
				en,
				Base,
			);
			mainGroup = 2B691EF32C53FDEC00E9E584;
			productRefGroup = 2B691EFD2C53FDEC00E9E584 /* Products */;
			projectDirPath = "";
			projectRoot = "";
			targets = (
				2B691EFB2C53FDEC00E9E584 /* C */,
				2B691F0B2C53FDF400E9E584 /* CTests */,
				2B691F152C53FDF400E9E584 /* CUITests */,
			);
		};
/* End PBXProject section */

/* Begin PBXResourcesBuildPhase section */
		2B691EFA2C53FDEC00E9E584 /* Resources */ = {
			isa = PBXResourcesBuildPhase;
			buildActionMask = 2147483647;
			files = (
				2B691F072C53FDF300E9E584 /* Preview Assets.xcassets in Resources */,
				2B691F042C53FDF300E9E584 /* Assets.xcassets in Resources */,
			);
			runOnlyForDeploymentPostprocessing = 0;
		};
		2B691F0A2C53FDF400E9E584 /* Resources */ = {
			isa = PBXResourcesBuildPhase;
			buildActionMask = 2147483647;
			files = (
			);
			runOnlyForDeploymentPostprocessing = 0;
		};
		2B691F142C53FDF400E9E584 /* Resources */ = {
			isa = PBXResourcesBuildPhase;
			buildActionMask = 2147483647;
			files = (
			);
			runOnlyForDeploymentPostprocessing = 0;
		};
/* End PBXResourcesBuildPhase section */

/* Begin PBXSourcesBuildPhase section */
		2B691EF82C53FDEC00E9E584 /* Sources */ = {
			isa = PBXSourcesBuildPhase;
			buildActionMask = 2147483647;
			files = (
				2BEE4CC02C54144000AF3E3C /* ContactDetailView.swift in Sources */,
				2B691F022C53FDEC00E9E584 /* ContentView.swift in Sources */,
				2BEE4CC42C541E9200AF3E3C /* ContactModel.swift in Sources */,
				2BEE4CCF2C550DA600AF3E3C /* ContactView.swift in Sources */,
				2BEE4CCD2C550B4B00AF3E3C /* TextLabels.swift in Sources */,
				2B691F2A2C53FE3000E9E584 /* ContactViewModel.swift in Sources */,
				2BEE4CC92C55087300AF3E3C /* ContactAddView.swift in Sources */,
				2B691F002C53FDEC00E9E584 /* CApp.swift in Sources */,
			);
			runOnlyForDeploymentPostprocessing = 0;
		};
		2B691F082C53FDF400E9E584 /* Sources */ = {
			isa = PBXSourcesBuildPhase;
			buildActionMask = 2147483647;
			files = (
				2B691F112C53FDF400E9E584 /* CTests.swift in Sources */,
			);
			runOnlyForDeploymentPostprocessing = 0;
		};
		2B691F122C53FDF400E9E584 /* Sources */ = {
			isa = PBXSourcesBuildPhase;
			buildActionMask = 2147483647;
			files = (
				2B691F1D2C53FDF400E9E584 /* CUITestsLaunchTests.swift in Sources */,
				2B691F1B2C53FDF400E9E584 /* CUITests.swift in Sources */,
			);
			runOnlyForDeploymentPostprocessing = 0;
		};
/* End PBXSourcesBuildPhase section */

/* Begin PBXTargetDependency section */
		2B691F0E2C53FDF400E9E584 /* PBXTargetDependency */ = {
			isa = PBXTargetDependency;
			target = 2B691EFB2C53FDEC00E9E584 /* C */;
			targetProxy = 2B691F0D2C53FDF400E9E584 /* PBXContainerItemProxy */;
		};
		2B691F182C53FDF400E9E584 /* PBXTargetDependency */ = {
			isa = PBXTargetDependency;
			target = 2B691EFB2C53FDEC00E9E584 /* C */;
			targetProxy = 2B691F172C53FDF400E9E584 /* PBXContainerItemProxy */;
		};
/* End PBXTargetDependency section */

/* Begin XCBuildConfiguration section */
		2B691F1E2C53FDF400E9E584 /* Debug */ = {
			isa = XCBuildConfiguration;
			buildSettings = {
				ALWAYS_SEARCH_USER_PATHS = NO;
				CLANG_ANALYZER_NONNULL = YES;
				CLANG_ANALYZER_NUMBER_OBJECT_CONVERSION = YES_AGGRESSIVE;
				CLANG_CXX_LANGUAGE_STANDARD = "gnu++20";
				CLANG_ENABLE_MODULES = YES;
				CLANG_ENABLE_OBJC_ARC = YES;
				CLANG_ENABLE_OBJC_WEAK = YES;
				CLANG_WARN_BLOCK_CAPTURE_AUTORELEASING = YES;
				CLANG_WARN_BOOL_CONVERSION = YES;
				CLANG_WARN_COMMA = YES;
				CLANG_WARN_CONSTANT_CONVERSION = YES;
				CLANG_WARN_DEPRECATED_OBJC_IMPLEMENTATIONS = YES;
				CLANG_WARN_DIRECT_OBJC_ISA_USAGE = YES_ERROR;
				CLANG_WARN_DOCUMENTATION_COMMENTS = YES;
				CLANG_WARN_EMPTY_BODY = YES;
				CLANG_WARN_ENUM_CONVERSION = YES;
				CLANG_WARN_INFINITE_RECURSION = YES;
				CLANG_WARN_INT_CONVERSION = YES;
				CLANG_WARN_NON_LITERAL_NULL_CONVERSION = YES;
				CLANG_WARN_OBJC_IMPLICIT_RETAIN_SELF = YES;
				CLANG_WARN_OBJC_LITERAL_CONVERSION = YES;
				CLANG_WARN_OBJC_ROOT_CLASS = YES_ERROR;
				CLANG_WARN_QUOTED_INCLUDE_IN_FRAMEWORK_HEADER = YES;
				CLANG_WARN_RANGE_LOOP_ANALYSIS = YES;
				CLANG_WARN_STRICT_PROTOTYPES = YES;
				CLANG_WARN_SUSPICIOUS_MOVE = YES;
				CLANG_WARN_UNGUARDED_AVAILABILITY = YES_AGGRESSIVE;
				CLANG_WARN_UNREACHABLE_CODE = YES;
				CLANG_WARN__DUPLICATE_METHOD_MATCH = YES;
				COPY_PHASE_STRIP = NO;
				DEBUG_INFORMATION_FORMAT = dwarf;
				ENABLE_STRICT_OBJC_MSGSEND = YES;
				ENABLE_TESTABILITY = YES;
				GCC_C_LANGUAGE_STANDARD = gnu11;
				GCC_DYNAMIC_NO_PIC = NO;
				GCC_NO_COMMON_BLOCKS = YES;
				GCC_OPTIMIZATION_LEVEL = 0;
				GCC_PREPROCESSOR_DEFINITIONS = (
					"DEBUG=1",
					"$(inherited)",
				);
				GCC_WARN_64_TO_32_BIT_CONVERSION = YES;
				GCC_WARN_ABOUT_RETURN_TYPE = YES_ERROR;
				GCC_WARN_UNDECLARED_SELECTOR = YES;
				GCC_WARN_UNINITIALIZED_AUTOS = YES_AGGRESSIVE;
				GCC_WARN_UNUSED_FUNCTION = YES;
				GCC_WARN_UNUSED_VARIABLE = YES;
				IPHONEOS_DEPLOYMENT_TARGET = 16.2;
				MTL_ENABLE_DEBUG_INFO = INCLUDE_SOURCE;
				MTL_FAST_MATH = YES;
				ONLY_ACTIVE_ARCH = YES;
				SDKROOT = iphoneos;
				SWIFT_ACTIVE_COMPILATION_CONDITIONS = DEBUG;
				SWIFT_OPTIMIZATION_LEVEL = "-Onone";
			};
			name = Debug;
		};
		2B691F1F2C53FDF400E9E584 /* Release */ = {
			isa = XCBuildConfiguration;
			buildSettings = {
				ALWAYS_SEARCH_USER_PATHS = NO;
				CLANG_ANALYZER_NONNULL = YES;
				CLANG_ANALYZER_NUMBER_OBJECT_CONVERSION = YES_AGGRESSIVE;
				CLANG_CXX_LANGUAGE_STANDARD = "gnu++20";
				CLANG_ENABLE_MODULES = YES;
				CLANG_ENABLE_OBJC_ARC = YES;
				CLANG_ENABLE_OBJC_WEAK = YES;
				CLANG_WARN_BLOCK_CAPTURE_AUTORELEASING = YES;
				CLANG_WARN_BOOL_CONVERSION = YES;
				CLANG_WARN_COMMA = YES;
				CLANG_WARN_CONSTANT_CONVERSION = YES;
				CLANG_WARN_DEPRECATED_OBJC_IMPLEMENTATIONS = YES;
				CLANG_WARN_DIRECT_OBJC_ISA_USAGE = YES_ERROR;
				CLANG_WARN_DOCUMENTATION_COMMENTS = YES;
				CLANG_WARN_EMPTY_BODY = YES;
				CLANG_WARN_ENUM_CONVERSION = YES;
				CLANG_WARN_INFINITE_RECURSION = YES;
				CLANG_WARN_INT_CONVERSION = YES;
				CLANG_WARN_NON_LITERAL_NULL_CONVERSION = YES;
				CLANG_WARN_OBJC_IMPLICIT_RETAIN_SELF = YES;
				CLANG_WARN_OBJC_LITERAL_CONVERSION = YES;
				CLANG_WARN_OBJC_ROOT_CLASS = YES_ERROR;
				CLANG_WARN_QUOTED_INCLUDE_IN_FRAMEWORK_HEADER = YES;
				CLANG_WARN_RANGE_LOOP_ANALYSIS = YES;
				CLANG_WARN_STRICT_PROTOTYPES = YES;
				CLANG_WARN_SUSPICIOUS_MOVE = YES;
				CLANG_WARN_UNGUARDED_AVAILABILITY = YES_AGGRESSIVE;
				CLANG_WARN_UNREACHABLE_CODE = YES;
				CLANG_WARN__DUPLICATE_METHOD_MATCH = YES;
				COPY_PHASE_STRIP = NO;
				DEBUG_INFORMATION_FORMAT = "dwarf-with-dsym";
				ENABLE_NS_ASSERTIONS = NO;
				ENABLE_STRICT_OBJC_MSGSEND = YES;
				GCC_C_LANGUAGE_STANDARD = gnu11;
				GCC_NO_COMMON_BLOCKS = YES;
				GCC_WARN_64_TO_32_BIT_CONVERSION = YES;
				GCC_WARN_ABOUT_RETURN_TYPE = YES_ERROR;
				GCC_WARN_UNDECLARED_SELECTOR = YES;
				GCC_WARN_UNINITIALIZED_AUTOS = YES_AGGRESSIVE;
				GCC_WARN_UNUSED_FUNCTION = YES;
				GCC_WARN_UNUSED_VARIABLE = YES;
				IPHONEOS_DEPLOYMENT_TARGET = 16.2;
				MTL_ENABLE_DEBUG_INFO = NO;
				MTL_FAST_MATH = YES;
				SDKROOT = iphoneos;
				SWIFT_COMPILATION_MODE = wholemodule;
				SWIFT_OPTIMIZATION_LEVEL = "-O";
				VALIDATE_PRODUCT = YES;
			};
			name = Release;
		};
		2B691F212C53FDF400E9E584 /* Debug */ = {
			isa = XCBuildConfiguration;
			buildSettings = {
				ASSETCATALOG_COMPILER_APPICON_NAME = AppIcon;
				ASSETCATALOG_COMPILER_GLOBAL_ACCENT_COLOR_NAME = AccentColor;
				CODE_SIGN_STYLE = Automatic;
				CURRENT_PROJECT_VERSION = 1;
				DEVELOPMENT_ASSET_PATHS = "\"C/Preview Content\"";
				DEVELOPMENT_TEAM = RAVRJW6GQC;
				ENABLE_PREVIEWS = YES;
				GENERATE_INFOPLIST_FILE = YES;
				INFOPLIST_KEY_UIApplicationSceneManifest_Generation = YES;
				INFOPLIST_KEY_UIApplicationSupportsIndirectInputEvents = YES;
				INFOPLIST_KEY_UILaunchScreen_Generation = YES;
				INFOPLIST_KEY_UISupportedInterfaceOrientations_iPad = "UIInterfaceOrientationPortrait UIInterfaceOrientationPortraitUpsideDown UIInterfaceOrientationLandscapeLeft UIInterfaceOrientationLandscapeRight";
				INFOPLIST_KEY_UISupportedInterfaceOrientations_iPhone = "UIInterfaceOrientationPortrait UIInterfaceOrientationLandscapeLeft UIInterfaceOrientationLandscapeRight";
				LD_RUNPATH_SEARCH_PATHS = (
					"$(inherited)",
					"@executable_path/Frameworks",
				);
				MARKETING_VERSION = 1.0;
				PRODUCT_BUNDLE_IDENTIFIER = com.xd.C;
				PRODUCT_NAME = "$(TARGET_NAME)";
				SWIFT_EMIT_LOC_STRINGS = YES;
				SWIFT_VERSION = 5.0;
				TARGETED_DEVICE_FAMILY = "1,2";
			};
			name = Debug;
		};
		2B691F222C53FDF400E9E584 /* Release */ = {
			isa = XCBuildConfiguration;
			buildSettings = {
				ASSETCATALOG_COMPILER_APPICON_NAME = AppIcon;
				ASSETCATALOG_COMPILER_GLOBAL_ACCENT_COLOR_NAME = AccentColor;
				CODE_SIGN_STYLE = Automatic;
				CURRENT_PROJECT_VERSION = 1;
				DEVELOPMENT_ASSET_PATHS = "\"C/Preview Content\"";
				DEVELOPMENT_TEAM = RAVRJW6GQC;
				ENABLE_PREVIEWS = YES;
				GENERATE_INFOPLIST_FILE = YES;
				INFOPLIST_KEY_UIApplicationSceneManifest_Generation = YES;
				INFOPLIST_KEY_UIApplicationSupportsIndirectInputEvents = YES;
				INFOPLIST_KEY_UILaunchScreen_Generation = YES;
				INFOPLIST_KEY_UISupportedInterfaceOrientations_iPad = "UIInterfaceOrientationPortrait UIInterfaceOrientationPortraitUpsideDown UIInterfaceOrientationLandscapeLeft UIInterfaceOrientationLandscapeRight";
				INFOPLIST_KEY_UISupportedInterfaceOrientations_iPhone = "UIInterfaceOrientationPortrait UIInterfaceOrientationLandscapeLeft UIInterfaceOrientationLandscapeRight";
				LD_RUNPATH_SEARCH_PATHS = (
					"$(inherited)",
					"@executable_path/Frameworks",
				);
				MARKETING_VERSION = 1.0;
				PRODUCT_BUNDLE_IDENTIFIER = com.xd.C;
				PRODUCT_NAME = "$(TARGET_NAME)";
				SWIFT_EMIT_LOC_STRINGS = YES;
				SWIFT_VERSION = 5.0;
				TARGETED_DEVICE_FAMILY = "1,2";
			};
			name = Release;
		};
		2B691F242C53FDF400E9E584 /* Debug */ = {
			isa = XCBuildConfiguration;
			buildSettings = {
				ALWAYS_EMBED_SWIFT_STANDARD_LIBRARIES = YES;
				BUNDLE_LOADER = "$(TEST_HOST)";
				CODE_SIGN_STYLE = Automatic;
				CURRENT_PROJECT_VERSION = 1;
				DEVELOPMENT_TEAM = RAVRJW6GQC;
				GENERATE_INFOPLIST_FILE = YES;
				IPHONEOS_DEPLOYMENT_TARGET = 16.2;
				MARKETING_VERSION = 1.0;
				PRODUCT_BUNDLE_IDENTIFIER = com.xd.CTests;
				PRODUCT_NAME = "$(TARGET_NAME)";
				SWIFT_EMIT_LOC_STRINGS = NO;
				SWIFT_VERSION = 5.0;
				TARGETED_DEVICE_FAMILY = "1,2";
				TEST_HOST = "$(BUILT_PRODUCTS_DIR)/C.app/$(BUNDLE_EXECUTABLE_FOLDER_PATH)/C";
			};
			name = Debug;
		};
		2B691F252C53FDF400E9E584 /* Release */ = {
			isa = XCBuildConfiguration;
			buildSettings = {
				ALWAYS_EMBED_SWIFT_STANDARD_LIBRARIES = YES;
				BUNDLE_LOADER = "$(TEST_HOST)";
				CODE_SIGN_STYLE = Automatic;
				CURRENT_PROJECT_VERSION = 1;
				DEVELOPMENT_TEAM = RAVRJW6GQC;
				GENERATE_INFOPLIST_FILE = YES;
				IPHONEOS_DEPLOYMENT_TARGET = 16.2;
				MARKETING_VERSION = 1.0;
				PRODUCT_BUNDLE_IDENTIFIER = com.xd.CTests;
				PRODUCT_NAME = "$(TARGET_NAME)";
				SWIFT_EMIT_LOC_STRINGS = NO;
				SWIFT_VERSION = 5.0;
				TARGETED_DEVICE_FAMILY = "1,2";
				TEST_HOST = "$(BUILT_PRODUCTS_DIR)/C.app/$(BUNDLE_EXECUTABLE_FOLDER_PATH)/C";
			};
			name = Release;
		};
		2B691F272C53FDF400E9E584 /* Debug */ = {
			isa = XCBuildConfiguration;
			buildSettings = {
				ALWAYS_EMBED_SWIFT_STANDARD_LIBRARIES = YES;
				CODE_SIGN_STYLE = Automatic;
				CURRENT_PROJECT_VERSION = 1;
				DEVELOPMENT_TEAM = RAVRJW6GQC;
				GENERATE_INFOPLIST_FILE = YES;
				MARKETING_VERSION = 1.0;
				PRODUCT_BUNDLE_IDENTIFIER = com.xd.CUITests;
				PRODUCT_NAME = "$(TARGET_NAME)";
				SWIFT_EMIT_LOC_STRINGS = NO;
				SWIFT_VERSION = 5.0;
				TARGETED_DEVICE_FAMILY = "1,2";
				TEST_TARGET_NAME = C;
			};
			name = Debug;
		};
		2B691F282C53FDF400E9E584 /* Release */ = {
			isa = XCBuildConfiguration;
			buildSettings = {
				ALWAYS_EMBED_SWIFT_STANDARD_LIBRARIES = YES;
				CODE_SIGN_STYLE = Automatic;
				CURRENT_PROJECT_VERSION = 1;
				DEVELOPMENT_TEAM = RAVRJW6GQC;
				GENERATE_INFOPLIST_FILE = YES;
				MARKETING_VERSION = 1.0;
				PRODUCT_BUNDLE_IDENTIFIER = com.xd.CUITests;
				PRODUCT_NAME = "$(TARGET_NAME)";
				SWIFT_EMIT_LOC_STRINGS = NO;
				SWIFT_VERSION = 5.0;
				TARGETED_DEVICE_FAMILY = "1,2";
				TEST_TARGET_NAME = C;
			};
			name = Release;
		};
/* End XCBuildConfiguration section */

/* Begin XCConfigurationList section */
		2B691EF72C53FDEC00E9E584 /* Build configuration list for PBXProject "C" */ = {
			isa = XCConfigurationList;
			buildConfigurations = (
				2B691F1E2C53FDF400E9E584 /* Debug */,
				2B691F1F2C53FDF400E9E584 /* Release */,
			);
			defaultConfigurationIsVisible = 0;
			defaultConfigurationName = Release;
		};
		2B691F202C53FDF400E9E584 /* Build configuration list for PBXNativeTarget "C" */ = {
			isa = XCConfigurationList;
			buildConfigurations = (
				2B691F212C53FDF400E9E584 /* Debug */,
				2B691F222C53FDF400E9E584 /* Release */,
			);
			defaultConfigurationIsVisible = 0;
			defaultConfigurationName = Release;
		};
		2B691F232C53FDF400E9E584 /* Build configuration list for PBXNativeTarget "CTests" */ = {
			isa = XCConfigurationList;
			buildConfigurations = (
				2B691F242C53FDF400E9E584 /* Debug */,
				2B691F252C53FDF400E9E584 /* Release */,
			);
			defaultConfigurationIsVisible = 0;
			defaultConfigurationName = Release;
		};
		2B691F262C53FDF400E9E584 /* Build configuration list for PBXNativeTarget "CUITests" */ = {
			isa = XCConfigurationList;
			buildConfigurations = (
				2B691F272C53FDF400E9E584 /* Debug */,
				2B691F282C53FDF400E9E584 /* Release */,
			);
			defaultConfigurationIsVisible = 0;
			defaultConfigurationName = Release;
		};
/* End XCConfigurationList section */
	};
	rootObject = 2B691EF42C53FDEC00E9E584 /* Project object */;
}
